
Microsoft Visual Studio Solution File, Format Version 12.00
# Visual Studio 15
VisualStudioVersion = 15.0.27004.2006
MinimumVisualStudioVersion = 10.0.40219.1
Project("{FAE04EC0-301F-11D3-BF4B-00C04F79EFBC}") = "KatanaIntro", "KatanaIntro\KatanaIntro.csproj", "{40EAE98F-6C11-4072-88FB-786AB9649111}"
EndProject
Global
	GlobalSection(SolutionConfigurationPlatforms) = preSolution
		Debug|Any CPU = Debug|Any CPU
		Release|Any CPU = Release|Any CPU
	EndGlobalSection
	GlobalSection(ProjectConfigurationPlatforms) = postSolution
		{40EAE98F-6C11-4072-88FB-786AB9649111}.Debug|Any CPU.ActiveCfg = Debug|Any CPU
		{40EAE98F-6C11-4072-88FB-786AB9649111}.Debug|Any CPU.Build.0 = Debug|Any CPU
		{40EAE98F-6C11-4072-88FB-786AB9649111}.Release|Any CPU.ActiveCfg = Release|Any CPU
		{40EAE98F-6C11-4072-88FB-786AB9649111}.Release|Any CPU.Build.0 = Release|Any CPU
	EndGlobalSection
	GlobalSection(SolutionProperties) = preSolution
		HideSolutionNode = FALSE
	EndGlobalSection
	GlobalSection(ExtensibilityGlobals) = postSolution
		SolutionGuid = {4A946E82-7A50-455A-9053-C98F546A8E96}
	EndGlobalSection
EndGlobal
